
Microsoft Visual Studio Solution File, Format Version 12.00
# Visual Studio Version 17
VisualStudioVersion = 17.6.33801.468
MinimumVisualStudioVersion = 10.0.40219.1
Project("{FAE04EC0-301F-11D3-BF4B-00C04F79EFBC}") = "TestApp", "TestApp\TestApp.csproj", "{EE8D92E3-A0B1-4AC9-91EF-2B6DA3CF3AA6}"
EndProject
Project("{FAE04EC0-301F-11D3-BF4B-00C04F79EFBC}") = "TestApp.UnitTests", "TestApp.UnitTests\TestApp.UnitTests.csproj", "{0FCD6F92-582F-47A8-8DBC-18F22EA0F3D2}"
EndProject
Global
	GlobalSection(SolutionConfigurationPlatforms) = preSolution
		Debug|Any CPU = Debug|Any CPU
		Release|Any CPU = Release|Any CPU
	EndGlobalSection
	GlobalSection(ProjectConfigurationPlatforms) = postSolution
		{EE8D92E3-A0B1-4AC9-91EF-2B6DA3CF3AA6}.Debug|Any CPU.ActiveCfg = Debug|Any CPU
		{EE8D92E3-A0B1-4AC9-91EF-2B6DA3CF3AA6}.Debug|Any CPU.Build.0 = Debug|Any CPU
		{EE8D92E3-A0B1-4AC9-91EF-2B6DA3CF3AA6}.Release|Any CPU.ActiveCfg = Release|Any CPU
		{EE8D92E3-A0B1-4AC9-91EF-2B6DA3CF3AA6}.Release|Any CPU.Build.0 = Release|Any CPU
		{0FCD6F92-582F-47A8-8DBC-18F22EA0F3D2}.Debug|Any CPU.ActiveCfg = Debug|Any CPU
		{0FCD6F92-582F-47A8-8DBC-18F22EA0F3D2}.Debug|Any CPU.Build.0 = Debug|Any CPU
		{0FCD6F92-582F-47A8-8DBC-18F22EA0F3D2}.Release|Any CPU.ActiveCfg = Release|Any CPU
		{0FCD6F92-582F-47A8-8DBC-18F22EA0F3D2}.Release|Any CPU.Build.0 = Release|Any CPU
	EndGlobalSection
	GlobalSection(SolutionProperties) = preSolution
		HideSolutionNode = FALSE
	EndGlobalSection
	GlobalSection(ExtensibilityGlobals) = postSolution
		SolutionGuid = {400B69F0-ED2E-4FC4-A910-5EFF8163BFD2}
	EndGlobalSection
EndGlobal
